
Microsoft Visual Studio Solution File, Format Version 12.00
# Visual Studio Version 17
VisualStudioVersion = 17.14.36203.30 d17.14
MinimumVisualStudioVersion = 10.0.40219.1
Project("{FAE04EC0-301F-11D3-BF4B-00C04F79EFBC}") = "AuctionService", "AuctionService\AuctionService.csproj", "{9F8C03C6-8AF0-477B-AD6A-D5232586A152}"
EndProject
Global
	GlobalSection(SolutionConfigurationPlatforms) = preSolution
		Debug|Any CPU = Debug|Any CPU
		Release|Any CPU = Release|Any CPU
	EndGlobalSection
	GlobalSection(ProjectConfigurationPlatforms) = postSolution
		{9F8C03C6-8AF0-477B-AD6A-D5232586A152}.Debug|Any CPU.ActiveCfg = Debug|Any CPU
		{9F8C03C6-8AF0-477B-AD6A-D5232586A152}.Debug|Any CPU.Build.0 = Debug|Any CPU
		{9F8C03C6-8AF0-477B-AD6A-D5232586A152}.Release|Any CPU.ActiveCfg = Release|Any CPU
		{9F8C03C6-8AF0-477B-AD6A-D5232586A152}.Release|Any CPU.Build.0 = Release|Any CPU
	EndGlobalSection
	GlobalSection(SolutionProperties) = preSolution
		HideSolutionNode = FALSE
	EndGlobalSection
	GlobalSection(ExtensibilityGlobals) = postSolution
		SolutionGuid = {236DBEA6-862E-40A9-B694-13E58F49024C}
	EndGlobalSection
EndGlobal
